PODS:
  - Kanna (4.0.3)
  - SwiftSoup (2.3.0)

DEPENDENCIES:
  - Kanna (~> 4.0.0)
  - SwiftSoup

SPEC REPOS:
  trunk:
    - Kanna
    - SwiftSoup

SPEC CHECKSUMS:
  Kanna: 0ebbdd0e7e3308f0aafbd569e79c8cadc5eb877c
  SwiftSoup: d78683f7ea0ae5733225a9e1d3bee5b256449df4

PODFILE CHECKSUM: 05527322755735e6a5fdb523698d7a4bfb5b5bf2

COCOAPODS: 1.9.0.beta.3
