// !$*UTF8*$!
{
	archiveVersion = 1;
	classes = {
	};
	objectVersion = 51;
	objects = {

/* Begin PBXBuildFile section */
		28BFC04E79D4CCFC75F97FA1 /* Pods_snakePanic.framework in Frameworks */ = {isa = PBXBuildFile; fileRef = 38F9CA6D20271F73FA8E98D3 /* Pods_snakePanic.framework */; };
		905E936F239905C200554A54 /* YellowViewController.swift in Sources */ = {isa = PBXBuildFile; fileRef = 905E936E239905C200554A54 /* YellowViewController.swift */; };
		90743246239476B700DD75F7 /* TabBarController.swift in Sources */ = {isa = PBXBuildFile; fileRef = 90743245239476B700DD75F7 /* TabBarController.swift */; };
		9091ABC5236873FF00E43F37 /* AppDelegate.swift in Sources */ = {isa = PBXBuildFile; fileRef = 9091ABC4236873FF00E43F37 /* AppDelegate.swift */; };
		9091ABC72368740E00E43F37 /* Assets.xcassets in Resources */ = {isa = PBXBuildFile; fileRef = 9091ABC62368740E00E43F37 /* Assets.xcassets */; };
		9091ABDE2368745100E43F37 /* HttpsScrapper.swift in Sources */ = {isa = PBXBuildFile; fileRef = 9091ABDB2368745100E43F37 /* HttpsScrapper.swift */; };
		9091ABDF2368745100E43F37 /* HtmlScrapper.swift in Sources */ = {isa = PBXBuildFile; fileRef = 9091ABDC2368745100E43F37 /* HtmlScrapper.swift */; };
		9091ABE02368745100E43F37 /* Crypto.swift in Sources */ = {isa = PBXBuildFile; fileRef = 9091ABDD2368745100E43F37 /* Crypto.swift */; };
		9091ABE62368746800E43F37 /* CoreDataStack.swift in Sources */ = {isa = PBXBuildFile; fileRef = 9091ABE22368746700E43F37 /* CoreDataStack.swift */; };
		9091ABE82368746800E43F37 /* CoreDataStackFetch.swift in Sources */ = {isa = PBXBuildFile; fileRef = 9091ABE52368746700E43F37 /* CoreDataStackFetch.swift */; };
		909AC6F923687DD6006E3D76 /* CoreDataModel.xcdatamodeld in Sources */ = {isa = PBXBuildFile; fileRef = 909AC6F723687DD6006E3D76 /* CoreDataModel.xcdatamodeld */; };
		90B79E1A2398E04000237C33 /* ScheduleView.swift in Sources */ = {isa = PBXBuildFile; fileRef = 90B79E192398E04000237C33 /* ScheduleView.swift */; };
		90F9B960239F273B00B403CB /* ScheduleDayView.swift in Sources */ = {isa = PBXBuildFile; fileRef = 90F9B95F239F273B00B403CB /* ScheduleDayView.swift */; };
/* End PBXBuildFile section */

/* Begin PBXFileReference section */
		38F9CA6D20271F73FA8E98D3 /* Pods_snakePanic.framework */ = {isa = PBXFileReference; explicitFileType = wrapper.framework; includeInIndex = 0; path = Pods_snakePanic.framework; sourceTree = BUILT_PRODUCTS_DIR; };
		4FD22EA3BCFB6C39CD8BB6F9 /* Pods-snakePanic.debug.xcconfig */ = {isa = PBXFileReference; includeInIndex = 1; lastKnownFileType = text.xcconfig; name = "Pods-snakePanic.debug.xcconfig"; path = "Target Support Files/Pods-snakePanic/Pods-snakePanic.debug.xcconfig"; sourceTree = "<group>"; };
		903F7D182368810200531EA4 /* Info.plist */ = {isa = PBXFileReference; fileEncoding = 4; lastKnownFileType = text.plist.xml; path = Info.plist; sourceTree = "<group>"; };
		905E936E239905C200554A54 /* YellowViewController.swift */ = {isa = PBXFileReference; lastKnownFileType = sourcecode.swift; path = YellowViewController.swift; sourceTree = "<group>"; };
		90743245239476B700DD75F7 /* TabBarController.swift */ = {isa = PBXFileReference; lastKnownFileType = sourcecode.swift; path = TabBarController.swift; sourceTree = "<group>"; };
		9091AB762368736A00E43F37 /* snakePanic.app */ = {isa = PBXFileReference; explicitFileType = wrapper.application; includeInIndex = 0; path = snakePanic.app; sourceTree = BUILT_PRODUCTS_DIR; };
		9091ABC4236873FF00E43F37 /* AppDelegate.swift */ = {isa = PBXFileReference; fileEncoding = 4; lastKnownFileType = sourcecode.swift; path = AppDelegate.swift; sourceTree = "<group>"; };
		9091ABC62368740E00E43F37 /* Assets.xcassets */ = {isa = PBXFileReference; lastKnownFileType = folder.assetcatalog; path = Assets.xcassets; sourceTree = "<group>"; };
		9091ABDB2368745100E43F37 /* HttpsScrapper.swift */ = {isa = PBXFileReference; fileEncoding = 4; lastKnownFileType = sourcecode.swift; path = HttpsScrapper.swift; sourceTree = "<group>"; };
		9091ABDC2368745100E43F37 /* HtmlScrapper.swift */ = {isa = PBXFileReference; fileEncoding = 4; lastKnownFileType = sourcecode.swift; path = HtmlScrapper.swift; sourceTree = "<group>"; };
		9091ABDD2368745100E43F37 /* Crypto.swift */ = {isa = PBXFileReference; fileEncoding = 4; lastKnownFileType = sourcecode.swift; path = Crypto.swift; sourceTree = "<group>"; };
		9091ABE22368746700E43F37 /* CoreDataStack.swift */ = {isa = PBXFileReference; fileEncoding = 4; lastKnownFileType = sourcecode.swift; path = CoreDataStack.swift; sourceTree = "<group>"; };
		9091ABE52368746700E43F37 /* CoreDataStackFetch.swift */ = {isa = PBXFileReference; fileEncoding = 4; lastKnownFileType = sourcecode.swift; path = CoreDataStackFetch.swift; sourceTree = "<group>"; };
		909AC6F823687DD6006E3D76 /* CoreDataModel.xcdatamodel */ = {isa = PBXFileReference; lastKnownFileType = wrapper.xcdatamodel; path = CoreDataModel.xcdatamodel; sourceTree = "<group>"; };
		90B79E192398E04000237C33 /* ScheduleView.swift */ = {isa = PBXFileReference; lastKnownFileType = sourcecode.swift; path = ScheduleView.swift; sourceTree = "<group>"; };
		90F9B95F239F273B00B403CB /* ScheduleDayView.swift */ = {isa = PBXFileReference; lastKnownFileType = sourcecode.swift; path = ScheduleDayView.swift; sourceTree = "<group>"; };
		D46392113E00EA40DBBA57F1 /* Pods-snakePanic.release.xcconfig */ = {isa = PBXFileReference; includeInIndex = 1; lastKnownFileType = text.xcconfig; name = "Pods-snakePanic.release.xcconfig"; path = "Target Support Files/Pods-snakePanic/Pods-snakePanic.release.xcconfig"; sourceTree = "<group>"; };
/* End PBXFileReference section */

/* Begin PBXFrameworksBuildPhase section */
		9091AB732368736A00E43F37 /* Frameworks */ = {
			isa = PBXFrameworksBuildPhase;
			buildActionMask = 2147483647;
			files = (
				28BFC04E79D4CCFC75F97FA1 /* Pods_snakePanic.framework in Frameworks */,
			);
			runOnlyForDeploymentPostprocessing = 0;
		};
/* End PBXFrameworksBuildPhase section */

/* Begin PBXGroup section */
		9070F3B0238CC58B00EF210C /* View */ = {
			isa = PBXGroup;
			children = (
				90743245239476B700DD75F7 /* TabBarController.swift */,
				90F9B961239F276B00B403CB /* Schedule */,
				905E936E239905C200554A54 /* YellowViewController.swift */,
			);
			path = View;
			sourceTree = "<group>";
		};
		9091AB6D2368736A00E43F37 = {
			isa = PBXGroup;
			children = (
				9091AB782368736A00E43F37 /* snakePanic */,
				9091AB772368736A00E43F37 /* Products */,
				DC4A2ACDF1B2383EA0F6B6F3 /* Pods */,
				F2338A5C85C82B80ACC17EDF /* Frameworks */,
			);
			sourceTree = "<group>";
		};
		9091AB772368736A00E43F37 /* Products */ = {
			isa = PBXGroup;
			children = (
				9091AB762368736A00E43F37 /* snakePanic.app */,
			);
			name = Products;
			sourceTree = "<group>";
		};
		9091AB782368736A00E43F37 /* snakePanic */ = {
			isa = PBXGroup;
			children = (
				903F7D182368810200531EA4 /* Info.plist */,
				9091ABC4236873FF00E43F37 /* AppDelegate.swift */,
				9091ABC62368740E00E43F37 /* Assets.xcassets */,
				9070F3B0238CC58B00EF210C /* View */,
				9091ABDA2368745100E43F37 /* Scrappers */,
				9091ABE12368746700E43F37 /* CoreData */,
			);
			path = snakePanic;
			sourceTree = "<group>";
		};
		9091ABDA2368745100E43F37 /* Scrappers */ = {
			isa = PBXGroup;
			children = (
				9091ABDB2368745100E43F37 /* HttpsScrapper.swift */,
				9091ABDC2368745100E43F37 /* HtmlScrapper.swift */,
				9091ABDD2368745100E43F37 /* Crypto.swift */,
			);
			path = Scrappers;
			sourceTree = "<group>";
		};
		9091ABE12368746700E43F37 /* CoreData */ = {
			isa = PBXGroup;
			children = (
				9091ABE22368746700E43F37 /* CoreDataStack.swift */,
				9091ABE52368746700E43F37 /* CoreDataStackFetch.swift */,
				909AC6F723687DD6006E3D76 /* CoreDataModel.xcdatamodeld */,
			);
			path = CoreData;
			sourceTree = "<group>";
		};
		90F9B961239F276B00B403CB /* Schedule */ = {
			isa = PBXGroup;
			children = (
				90B79E192398E04000237C33 /* ScheduleView.swift */,
				90F9B95F239F273B00B403CB /* ScheduleDayView.swift */,
			);
			path = Schedule;
			sourceTree = "<group>";
		};
		DC4A2ACDF1B2383EA0F6B6F3 /* Pods */ = {
			isa = PBXGroup;
			children = (
				4FD22EA3BCFB6C39CD8BB6F9 /* Pods-snakePanic.debug.xcconfig */,
				D46392113E00EA40DBBA57F1 /* Pods-snakePanic.release.xcconfig */,
			);
			path = Pods;
			sourceTree = "<group>";
		};
		F2338A5C85C82B80ACC17EDF /* Frameworks */ = {
			isa = PBXGroup;
			children = (
				38F9CA6D20271F73FA8E98D3 /* Pods_snakePanic.framework */,
			);
			name = Frameworks;
			sourceTree = "<group>";
		};
/* End PBXGroup section */

/* Begin PBXNativeTarget section */
		9091AB752368736A00E43F37 /* snakePanic */ = {
			isa = PBXNativeTarget;
			buildConfigurationList = 9091AB8A2368736B00E43F37 /* Build configuration list for PBXNativeTarget "snakePanic" */;
			buildPhases = (
				3B0C2D4E8678F161150DCD37 /* [CP] Check Pods Manifest.lock */,
				9091AB722368736A00E43F37 /* Sources */,
				9091AB732368736A00E43F37 /* Frameworks */,
				9091AB742368736A00E43F37 /* Resources */,
				AAACFE8BB8F53394B6389528 /* [CP] Embed Pods Frameworks */,
			);
			buildRules = (
			);
			dependencies = (
			);
			name = snakePanic;
			productName = snakePanic;
			productReference = 9091AB762368736A00E43F37 /* snakePanic.app */;
			productType = "com.apple.product-type.application";
		};
/* End PBXNativeTarget section */

/* Begin PBXProject section */
		9091AB6E2368736A00E43F37 /* Project object */ = {
			isa = PBXProject;
			attributes = {
				LastSwiftUpdateCheck = 1110;
				LastUpgradeCheck = 1110;
				ORGANIZATIONNAME = "Mikołaj Kamiński";
				TargetAttributes = {
					9091AB752368736A00E43F37 = {
						CreatedOnToolsVersion = 11.1;
						LastSwiftMigration = 1110;
					};
				};
			};
			buildConfigurationList = 9091AB712368736A00E43F37 /* Build configuration list for PBXProject "snakePanic" */;
			compatibilityVersion = "Xcode 9.3";
			developmentRegion = en;
			hasScannedForEncodings = 0;
			knownRegions = (
				en,
				Base,
			);
			mainGroup = 9091AB6D2368736A00E43F37;
			productRefGroup = 9091AB772368736A00E43F37 /* Products */;
			projectDirPath = "";
			projectRoot = "";
			targets = (
				9091AB752368736A00E43F37 /* snakePanic */,
			);
		};
/* End PBXProject section */

/* Begin PBXResourcesBuildPhase section */
		9091AB742368736A00E43F37 /* Resources */ = {
			isa = PBXResourcesBuildPhase;
			buildActionMask = 2147483647;
			files = (
				9091ABC72368740E00E43F37 /* Assets.xcassets in Resources */,
			);
			runOnlyForDeploymentPostprocessing = 0;
		};
/* End PBXResourcesBuildPhase section */

/* Begin PBXShellScriptBuildPhase section */
		3B0C2D4E8678F161150DCD37 /* [CP] Check Pods Manifest.lock */ = {
			isa = PBXShellScriptBuildPhase;
			buildActionMask = 2147483647;
			files = (
			);
			inputFileListPaths = (
			);
			inputPaths = (
				"${PODS_PODFILE_DIR_PATH}/Podfile.lock",
				"${PODS_ROOT}/Manifest.lock",
			);
			name = "[CP] Check Pods Manifest.lock";
			outputFileListPaths = (
			);
			outputPaths = (
				"$(DERIVED_FILE_DIR)/Pods-snakePanic-checkManifestLockResult.txt",
			);
			runOnlyForDeploymentPostprocessing = 0;
			shellPath = /bin/sh;
			shellScript = "diff \"${PODS_PODFILE_DIR_PATH}/Podfile.lock\" \"${PODS_ROOT}/Manifest.lock\" > /dev/null\nif [ $? != 0 ] ; then\n    # print error to STDERR\n    echo \"error: The sandbox is not in sync with the Podfile.lock. Run 'pod install' or update your CocoaPods installation.\" >&2\n    exit 1\nfi\n# This output is used by Xcode 'outputs' to avoid re-running this script phase.\necho \"SUCCESS\" > \"${SCRIPT_OUTPUT_FILE_0}\"\n";
			showEnvVarsInLog = 0;
		};
		AAACFE8BB8F53394B6389528 /* [CP] Embed Pods Frameworks */ = {
			isa = PBXShellScriptBuildPhase;
			buildActionMask = 2147483647;
			files = (
			);
			inputFileListPaths = (
				"${PODS_ROOT}/Target Support Files/Pods-snakePanic/Pods-snakePanic-frameworks-${CONFIGURATION}-input-files.xcfilelist",
			);
			name = "[CP] Embed Pods Frameworks";
			outputFileListPaths = (
				"${PODS_ROOT}/Target Support Files/Pods-snakePanic/Pods-snakePanic-frameworks-${CONFIGURATION}-output-files.xcfilelist",
			);
			runOnlyForDeploymentPostprocessing = 0;
			shellPath = /bin/sh;
			shellScript = "\"${PODS_ROOT}/Target Support Files/Pods-snakePanic/Pods-snakePanic-frameworks.sh\"\n";
			showEnvVarsInLog = 0;
		};
/* End PBXShellScriptBuildPhase section */

/* Begin PBXSourcesBuildPhase section */
		9091AB722368736A00E43F37 /* Sources */ = {
			isa = PBXSourcesBuildPhase;
			buildActionMask = 2147483647;
			files = (
				9091ABDF2368745100E43F37 /* HtmlScrapper.swift in Sources */,
				90F9B960239F273B00B403CB /* ScheduleDayView.swift in Sources */,
				90B79E1A2398E04000237C33 /* ScheduleView.swift in Sources */,
				909AC6F923687DD6006E3D76 /* CoreDataModel.xcdatamodeld in Sources */,
				9091ABE62368746800E43F37 /* CoreDataStack.swift in Sources */,
				905E936F239905C200554A54 /* YellowViewController.swift in Sources */,
				9091ABDE2368745100E43F37 /* HttpsScrapper.swift in Sources */,
				9091ABC5236873FF00E43F37 /* AppDelegate.swift in Sources */,
				9091ABE82368746800E43F37 /* CoreDataStackFetch.swift in Sources */,
				90743246239476B700DD75F7 /* TabBarController.swift in Sources */,
				9091ABE02368745100E43F37 /* Crypto.swift in Sources */,
			);
			runOnlyForDeploymentPostprocessing = 0;
		};
/* End PBXSourcesBuildPhase section */

/* Begin XCBuildConfiguration section */
		9091AB882368736B00E43F37 /* Debug */ = {
			isa = XCBuildConfiguration;
			buildSettings = {
				ALWAYS_SEARCH_USER_PATHS = NO;
				CLANG_ANALYZER_NONNULL = YES;
				CLANG_ANALYZER_NUMBER_OBJECT_CONVERSION = YES_AGGRESSIVE;
				CLANG_CXX_LANGUAGE_STANDARD = "gnu++14";
				CLANG_CXX_LIBRARY = "libc++";
				CLANG_ENABLE_MODULES = YES;
				CLANG_ENABLE_OBJC_ARC = YES;
				CLANG_ENABLE_OBJC_WEAK = YES;
				CLANG_WARN_BLOCK_CAPTURE_AUTORELEASING = YES;
				CLANG_WARN_BOOL_CONVERSION = YES;
				CLANG_WARN_COMMA = YES;
				CLANG_WARN_CONSTANT_CONVERSION = YES;
				CLANG_WARN_DEPRECATED_OBJC_IMPLEMENTATIONS = YES;
				CLANG_WARN_DIRECT_OBJC_ISA_USAGE = YES_ERROR;
				CLANG_WARN_DOCUMENTATION_COMMENTS = YES;
				CLANG_WARN_EMPTY_BODY = YES;
				CLANG_WARN_ENUM_CONVERSION = YES;
				CLANG_WARN_INFINITE_RECURSION = YES;
				CLANG_WARN_INT_CONVERSION = YES;
				CLANG_WARN_NON_LITERAL_NULL_CONVERSION = YES;
				CLANG_WARN_OBJC_IMPLICIT_RETAIN_SELF = YES;
				CLANG_WARN_OBJC_LITERAL_CONVERSION = YES;
				CLANG_WARN_OBJC_ROOT_CLASS = YES_ERROR;
				CLANG_WARN_RANGE_LOOP_ANALYSIS = YES;
				CLANG_WARN_STRICT_PROTOTYPES = YES;
				CLANG_WARN_SUSPICIOUS_MOVE = YES;
				CLANG_WARN_UNGUARDED_AVAILABILITY = YES_AGGRESSIVE;
				CLANG_WARN_UNREACHABLE_CODE = YES;
				CLANG_WARN__DUPLICATE_METHOD_MATCH = YES;
				COPY_PHASE_STRIP = NO;
				DEBUG_INFORMATION_FORMAT = dwarf;
				ENABLE_STRICT_OBJC_MSGSEND = YES;
				ENABLE_TESTABILITY = YES;
				GCC_C_LANGUAGE_STANDARD = gnu11;
				GCC_DYNAMIC_NO_PIC = NO;
				GCC_NO_COMMON_BLOCKS = YES;
				GCC_OPTIMIZATION_LEVEL = 0;
				GCC_PREPROCESSOR_DEFINITIONS = (
					"DEBUG=1",
					"$(inherited)",
				);
				GCC_WARN_64_TO_32_BIT_CONVERSION = YES;
				GCC_WARN_ABOUT_RETURN_TYPE = YES_ERROR;
				GCC_WARN_UNDECLARED_SELECTOR = YES;
				GCC_WARN_UNINITIALIZED_AUTOS = YES_AGGRESSIVE;
				GCC_WARN_UNUSED_FUNCTION = YES;
				GCC_WARN_UNUSED_VARIABLE = YES;
				IPHONEOS_DEPLOYMENT_TARGET = 13.1;
				MTL_ENABLE_DEBUG_INFO = INCLUDE_SOURCE;
				MTL_FAST_MATH = YES;
				ONLY_ACTIVE_ARCH = YES;
				SDKROOT = iphoneos;
				SWIFT_ACTIVE_COMPILATION_CONDITIONS = DEBUG;
				SWIFT_OPTIMIZATION_LEVEL = "-Onone";
			};
			name = Debug;
		};
		9091AB892368736B00E43F37 /* Release */ = {
			isa = XCBuildConfiguration;
			buildSettings = {
				ALWAYS_SEARCH_USER_PATHS = NO;
				CLANG_ANALYZER_NONNULL = YES;
				CLANG_ANALYZER_NUMBER_OBJECT_CONVERSION = YES_AGGRESSIVE;
				CLANG_CXX_LANGUAGE_STANDARD = "gnu++14";
				CLANG_CXX_LIBRARY = "libc++";
				CLANG_ENABLE_MODULES = YES;
				CLANG_ENABLE_OBJC_ARC = YES;
				CLANG_ENABLE_OBJC_WEAK = YES;
				CLANG_WARN_BLOCK_CAPTURE_AUTORELEASING = YES;
				CLANG_WARN_BOOL_CONVERSION = YES;
				CLANG_WARN_COMMA = YES;
				CLANG_WARN_CONSTANT_CONVERSION = YES;
				CLANG_WARN_DEPRECATED_OBJC_IMPLEMENTATIONS = YES;
				CLANG_WARN_DIRECT_OBJC_ISA_USAGE = YES_ERROR;
				CLANG_WARN_DOCUMENTATION_COMMENTS = YES;
				CLANG_WARN_EMPTY_BODY = YES;
				CLANG_WARN_ENUM_CONVERSION = YES;
				CLANG_WARN_INFINITE_RECURSION = YES;
				CLANG_WARN_INT_CONVERSION = YES;
				CLANG_WARN_NON_LITERAL_NULL_CONVERSION = YES;
				CLANG_WARN_OBJC_IMPLICIT_RETAIN_SELF = YES;
				CLANG_WARN_OBJC_LITERAL_CONVERSION = YES;
				CLANG_WARN_OBJC_ROOT_CLASS = YES_ERROR;
				CLANG_WARN_RANGE_LOOP_ANALYSIS = YES;
				CLANG_WARN_STRICT_PROTOTYPES = YES;
				CLANG_WARN_SUSPICIOUS_MOVE = YES;
				CLANG_WARN_UNGUARDED_AVAILABILITY = YES_AGGRESSIVE;
				CLANG_WARN_UNREACHABLE_CODE = YES;
				CLANG_WARN__DUPLICATE_METHOD_MATCH = YES;
				COPY_PHASE_STRIP = NO;
				DEBUG_INFORMATION_FORMAT = "dwarf-with-dsym";
				ENABLE_NS_ASSERTIONS = NO;
				ENABLE_STRICT_OBJC_MSGSEND = YES;
				GCC_C_LANGUAGE_STANDARD = gnu11;
				GCC_NO_COMMON_BLOCKS = YES;
				GCC_WARN_64_TO_32_BIT_CONVERSION = YES;
				GCC_WARN_ABOUT_RETURN_TYPE = YES_ERROR;
				GCC_WARN_UNDECLARED_SELECTOR = YES;
				GCC_WARN_UNINITIALIZED_AUTOS = YES_AGGRESSIVE;
				GCC_WARN_UNUSED_FUNCTION = YES;
				GCC_WARN_UNUSED_VARIABLE = YES;
				IPHONEOS_DEPLOYMENT_TARGET = 13.1;
				MTL_ENABLE_DEBUG_INFO = NO;
				MTL_FAST_MATH = YES;
				SDKROOT = iphoneos;
				SWIFT_COMPILATION_MODE = wholemodule;
				SWIFT_OPTIMIZATION_LEVEL = "-O";
				VALIDATE_PRODUCT = YES;
			};
			name = Release;
		};
		9091AB8B2368736B00E43F37 /* Debug */ = {
			isa = XCBuildConfiguration;
			baseConfigurationReference = 4FD22EA3BCFB6C39CD8BB6F9 /* Pods-snakePanic.debug.xcconfig */;
			buildSettings = {
				ASSETCATALOG_COMPILER_APPICON_NAME = AppIcon;
				CLANG_ENABLE_MODULES = YES;
				CODE_SIGN_STYLE = Automatic;
				DEVELOPMENT_TEAM = GW9JX6L683;
				INFOPLIST_FILE = snakePanic/Info.plist;
				LD_RUNPATH_SEARCH_PATHS = (
					"$(inherited)",
					"@executable_path/Frameworks",
				);
				PRODUCT_BUNDLE_IDENTIFIER = com.mikolajkaminski.snakePanic;
				PRODUCT_NAME = "$(TARGET_NAME)";
				SWIFT_OPTIMIZATION_LEVEL = "-Onone";
				SWIFT_VERSION = 5.0;
				TARGETED_DEVICE_FAMILY = "1,2";
			};
			name = Debug;
		};
		9091AB8C2368736B00E43F37 /* Release */ = {
			isa = XCBuildConfiguration;
			baseConfigurationReference = D46392113E00EA40DBBA57F1 /* Pods-snakePanic.release.xcconfig */;
			buildSettings = {
				ASSETCATALOG_COMPILER_APPICON_NAME = AppIcon;
				CLANG_ENABLE_MODULES = YES;
				CODE_SIGN_STYLE = Automatic;
				DEVELOPMENT_TEAM = GW9JX6L683;
				INFOPLIST_FILE = snakePanic/Info.plist;
				LD_RUNPATH_SEARCH_PATHS = (
					"$(inherited)",
					"@executable_path/Frameworks",
				);
				PRODUCT_BUNDLE_IDENTIFIER = com.mikolajkaminski.snakePanic;
				PRODUCT_NAME = "$(TARGET_NAME)";
				SWIFT_VERSION = 5.0;
				TARGETED_DEVICE_FAMILY = "1,2";
			};
			name = Release;
		};
/* End XCBuildConfiguration section */

/* Begin XCConfigurationList section */
		9091AB712368736A00E43F37 /* Build configuration list for PBXProject "snakePanic" */ = {
			isa = XCConfigurationList;
			buildConfigurations = (
				9091AB882368736B00E43F37 /* Debug */,
				9091AB892368736B00E43F37 /* Release */,
			);
			defaultConfigurationIsVisible = 0;
			defaultConfigurationName = Release;
		};
		9091AB8A2368736B00E43F37 /* Build configuration list for PBXNativeTarget "snakePanic" */ = {
			isa = XCConfigurationList;
			buildConfigurations = (
				9091AB8B2368736B00E43F37 /* Debug */,
				9091AB8C2368736B00E43F37 /* Release */,
			);
			defaultConfigurationIsVisible = 0;
			defaultConfigurationName = Release;
		};
/* End XCConfigurationList section */

/* Begin XCVersionGroup section */
		909AC6F723687DD6006E3D76 /* CoreDataModel.xcdatamodeld */ = {
			isa = XCVersionGroup;
			children = (
				909AC6F823687DD6006E3D76 /* CoreDataModel.xcdatamodel */,
			);
			currentVersion = 909AC6F823687DD6006E3D76 /* CoreDataModel.xcdatamodel */;
			path = CoreDataModel.xcdatamodeld;
			sourceTree = "<group>";
			versionGroupType = wrapper.xcdatamodel;
		};
/* End XCVersionGroup section */
	};
	rootObject = 9091AB6E2368736A00E43F37 /* Project object */;
}
